
Microsoft Visual Studio Solution File, Format Version 12.00
# Visual Studio Version 17
VisualStudioVersion = 17.3.32922.545
MinimumVisualStudioVersion = 10.0.40219.1
Project("{9A19103F-16F7-4668-BE54-9A1E7A4F7556}") = "Cursova_ADO.NET", "Cursova_ADO.NET\Cursova_ADO.NET.csproj", "{773E1B41-AC3F-45BD-9A2E-A43E3B15B315}"
EndProject
Project("{9A19103F-16F7-4668-BE54-9A1E7A4F7556}") = "Bookstore", "Bookstore\Bookstore.csproj", "{7744A9B8-6460-4E2B-938A-50737BC20C98}"
EndProject
Project("{9A19103F-16F7-4668-BE54-9A1E7A4F7556}") = "Bookstore_visually", "Bookstore_visually\Bookstore_visually.csproj", "{51C8BADF-1524-4ED0-9283-B55805BB86E6}"
EndProject
Global
	GlobalSection(SolutionConfigurationPlatforms) = preSolution
		Debug|Any CPU = Debug|Any CPU
		Release|Any CPU = Release|Any CPU
	EndGlobalSection
	GlobalSection(ProjectConfigurationPlatforms) = postSolution
		{773E1B41-AC3F-45BD-9A2E-A43E3B15B315}.Debug|Any CPU.ActiveCfg = Debug|Any CPU
		{773E1B41-AC3F-45BD-9A2E-A43E3B15B315}.Debug|Any CPU.Build.0 = Debug|Any CPU
		{773E1B41-AC3F-45BD-9A2E-A43E3B15B315}.Release|Any CPU.ActiveCfg = Release|Any CPU
		{773E1B41-AC3F-45BD-9A2E-A43E3B15B315}.Release|Any CPU.Build.0 = Release|Any CPU
		{7744A9B8-6460-4E2B-938A-50737BC20C98}.Debug|Any CPU.ActiveCfg = Debug|Any CPU
		{7744A9B8-6460-4E2B-938A-50737BC20C98}.Debug|Any CPU.Build.0 = Debug|Any CPU
		{7744A9B8-6460-4E2B-938A-50737BC20C98}.Release|Any CPU.ActiveCfg = Release|Any CPU
		{7744A9B8-6460-4E2B-938A-50737BC20C98}.Release|Any CPU.Build.0 = Release|Any CPU
		{51C8BADF-1524-4ED0-9283-B55805BB86E6}.Debug|Any CPU.ActiveCfg = Debug|Any CPU
		{51C8BADF-1524-4ED0-9283-B55805BB86E6}.Debug|Any CPU.Build.0 = Debug|Any CPU
		{51C8BADF-1524-4ED0-9283-B55805BB86E6}.Release|Any CPU.ActiveCfg = Release|Any CPU
		{51C8BADF-1524-4ED0-9283-B55805BB86E6}.Release|Any CPU.Build.0 = Release|Any CPU
	EndGlobalSection
	GlobalSection(SolutionProperties) = preSolution
		HideSolutionNode = FALSE
	EndGlobalSection
	GlobalSection(ExtensibilityGlobals) = postSolution
		SolutionGuid = {CB8921B5-D2C5-4F03-8EF0-9EE19567DD6B}
	EndGlobalSection
EndGlobal
